{
  "pins" : [
    {
      "identity" : "runner",
      "kind" : "remoteSourceControl",
      "location" : "https://github.com/elegantchaos/Runner.git",
      "state" : {
        "revision" : "64dfc3adcc9023b48ebc8d03f0c08df5cf384e7c",
        "version" : "2.0.4"
      }
    }
  ],
  "version" : 2
}
