{
  "originHash" : "36e1f35d487714a08809aada1b8bbfc1af23942bc5537333f5229a1e014d439c",
  "pins" : [
    {
      "identity" : "chaosbytestreams",
      "kind" : "remoteSourceControl",
      "location" : "https://github.com/elegantchaos/ChaosByteStreams",
      "state" : {
        "revision" : "dc5fc08a831e8e2878197418e3ed35f234bcfe07",
        "version" : "1.0.6"
      }
    },
    {
      "identity" : "runner",
      "kind" : "remoteSourceControl",
      "location" : "https://github.com/elegantchaos/Runner.git",
      "state" : {
        "revision" : "e5b8e0fc4b5119b238935343dc60171c0140ee1f",
        "version" : "2.1.3"
      }
    }
  ],
  "version" : 3
}
